
Microsoft Visual Studio Solution File, Format Version 12.00
Project("{FAE04EC0-301F-11D3-BF4B-00C04F79EFBC}") = "LogicGatesStart", "LogicGatesStart\LogicGatesStart.csproj", "{CC215D04-A4FD-439D-A0AB-CCD403CCD2D5}"
EndProject
Project("{FAE04EC0-301F-11D3-BF4B-00C04F79EFBC}") = "Program", "Program\Program.csproj", "{9E5CB830-AE73-43C1-ACF7-9C58BAA5668F}"
EndProject
Global
	GlobalSection(SolutionConfigurationPlatforms) = preSolution
		Debug|Any CPU = Debug|Any CPU
		Release|Any CPU = Release|Any CPU
	EndGlobalSection
	GlobalSection(ProjectConfigurationPlatforms) = postSolution
		{CC215D04-A4FD-439D-A0AB-CCD403CCD2D5}.Debug|Any CPU.ActiveCfg = Debug|Any CPU
		{CC215D04-A4FD-439D-A0AB-CCD403CCD2D5}.Debug|Any CPU.Build.0 = Debug|Any CPU
		{CC215D04-A4FD-439D-A0AB-CCD403CCD2D5}.Release|Any CPU.ActiveCfg = Release|Any CPU
		{CC215D04-A4FD-439D-A0AB-CCD403CCD2D5}.Release|Any CPU.Build.0 = Release|Any CPU
		{9E5CB830-AE73-43C1-ACF7-9C58BAA5668F}.Debug|Any CPU.ActiveCfg = Debug|Any CPU
		{9E5CB830-AE73-43C1-ACF7-9C58BAA5668F}.Debug|Any CPU.Build.0 = Debug|Any CPU
		{9E5CB830-AE73-43C1-ACF7-9C58BAA5668F}.Release|Any CPU.ActiveCfg = Release|Any CPU
		{9E5CB830-AE73-43C1-ACF7-9C58BAA5668F}.Release|Any CPU.Build.0 = Release|Any CPU
	EndGlobalSection
EndGlobal
